// !$*UTF8*$!
{
	archiveVersion = 1;
	classes = {
	};
	objectVersion = 56;
	objects = {

/* Begin PBXBuildFile section */
		8B67A2EF29620DA200E8821E /* Nervous_System_ExerciseApp.swift in Sources */ = {isa = PBXBuildFile; fileRef = 8B67A2EE29620DA200E8821E /* Nervous_System_ExerciseApp.swift */; };
		8B67A2F129620DA200E8821E /* ContentView.swift in Sources */ = {isa = PBXBuildFile; fileRef = 8B67A2F029620DA200E8821E /* ContentView.swift */; };
		8B67A2F329620DA400E8821E /* Assets.xcassets in Resources */ = {isa = PBXBuildFile; fileRef = 8B67A2F229620DA400E8821E /* Assets.xcassets */; };
		8B67A2F629620DA400E8821E /* Preview Assets.xcassets in Resources */ = {isa = PBXBuildFile; fileRef = 8B67A2F529620DA400E8821E /* Preview Assets.xcassets */; };
		8B67A30029620DA400E8821E /* Nervous_System_ExerciseTests.swift in Sources */ = {isa = PBXBuildFile; fileRef = 8B67A2FF29620DA400E8821E /* Nervous_System_ExerciseTests.swift */; };
		8B67A30A29620DA400E8821E /* Nervous_System_ExerciseUITests.swift in Sources */ = {isa = PBXBuildFile; fileRef = 8B67A30929620DA400E8821E /* Nervous_System_ExerciseUITests.swift */; };
		8B67A30C29620DA400E8821E /* Nervous_System_ExerciseUITestsLaunchTests.swift in Sources */ = {isa = PBXBuildFile; fileRef = 8B67A30B29620DA400E8821E /* Nervous_System_ExerciseUITestsLaunchTests.swift */; };
		8B693CFF2986C8B600AC56B9 /* SudokuModel.swift in Sources */ = {isa = PBXBuildFile; fileRef = 8B693CFE2986C8B600AC56B9 /* SudokuModel.swift */; };
		8B9000BC298BE3B30067F5E8 /* SudokuGlobalVariables.swift in Sources */ = {isa = PBXBuildFile; fileRef = 8B9000BB298BE3B30067F5E8 /* SudokuGlobalVariables.swift */; };
		8B9000BE298BE41D0067F5E8 /* SudokuBoard.swift in Sources */ = {isa = PBXBuildFile; fileRef = 8B9000BD298BE41D0067F5E8 /* SudokuBoard.swift */; };
		8B9000C0298BE4500067F5E8 /* SudokuNumbers.swift in Sources */ = {isa = PBXBuildFile; fileRef = 8B9000BF298BE4500067F5E8 /* SudokuNumbers.swift */; };
		8B9000C2298C16690067F5E8 /* CrosswordBoard.swift in Sources */ = {isa = PBXBuildFile; fileRef = 8B9000C1298C16690067F5E8 /* CrosswordBoard.swift */; };
/* End PBXBuildFile section */

/* Begin PBXContainerItemProxy section */
		8B67A2FC29620DA400E8821E /* PBXContainerItemProxy */ = {
			isa = PBXContainerItemProxy;
			containerPortal = 8B67A2E329620DA200E8821E /* Project object */;
			proxyType = 1;
			remoteGlobalIDString = 8B67A2EA29620DA200E8821E;
			remoteInfo = "Nervous System Exercise";
		};
		8B67A30629620DA400E8821E /* PBXContainerItemProxy */ = {
			isa = PBXContainerItemProxy;
			containerPortal = 8B67A2E329620DA200E8821E /* Project object */;
			proxyType = 1;
			remoteGlobalIDString = 8B67A2EA29620DA200E8821E;
			remoteInfo = "Nervous System Exercise";
		};
/* End PBXContainerItemProxy section */

/* Begin PBXFileReference section */
		8B67A2EB29620DA200E8821E /* Nervous System Exercise.app */ = {isa = PBXFileReference; explicitFileType = wrapper.application; includeInIndex = 0; path = "Nervous System Exercise.app"; sourceTree = BUILT_PRODUCTS_DIR; };
		8B67A2EE29620DA200E8821E /* Nervous_System_ExerciseApp.swift */ = {isa = PBXFileReference; lastKnownFileType = sourcecode.swift; path = Nervous_System_ExerciseApp.swift; sourceTree = "<group>"; };
		8B67A2F029620DA200E8821E /* ContentView.swift */ = {isa = PBXFileReference; lastKnownFileType = sourcecode.swift; path = ContentView.swift; sourceTree = "<group>"; };
		8B67A2F229620DA400E8821E /* Assets.xcassets */ = {isa = PBXFileReference; lastKnownFileType = folder.assetcatalog; path = Assets.xcassets; sourceTree = "<group>"; };
		8B67A2F529620DA400E8821E /* Preview Assets.xcassets */ = {isa = PBXFileReference; lastKnownFileType = folder.assetcatalog; path = "Preview Assets.xcassets"; sourceTree = "<group>"; };
		8B67A2FB29620DA400E8821E /* Nervous System ExerciseTests.xctest */ = {isa = PBXFileReference; explicitFileType = wrapper.cfbundle; includeInIndex = 0; path = "Nervous System ExerciseTests.xctest"; sourceTree = BUILT_PRODUCTS_DIR; };
		8B67A2FF29620DA400E8821E /* Nervous_System_ExerciseTests.swift */ = {isa = PBXFileReference; lastKnownFileType = sourcecode.swift; path = Nervous_System_ExerciseTests.swift; sourceTree = "<group>"; };
		8B67A30529620DA400E8821E /* Nervous System ExerciseUITests.xctest */ = {isa = PBXFileReference; explicitFileType = wrapper.cfbundle; includeInIndex = 0; path = "Nervous System ExerciseUITests.xctest"; sourceTree = BUILT_PRODUCTS_DIR; };
		8B67A30929620DA400E8821E /* Nervous_System_ExerciseUITests.swift */ = {isa = PBXFileReference; lastKnownFileType = sourcecode.swift; path = Nervous_System_ExerciseUITests.swift; sourceTree = "<group>"; };
		8B67A30B29620DA400E8821E /* Nervous_System_ExerciseUITestsLaunchTests.swift */ = {isa = PBXFileReference; lastKnownFileType = sourcecode.swift; path = Nervous_System_ExerciseUITestsLaunchTests.swift; sourceTree = "<group>"; };
		8B693CFE2986C8B600AC56B9 /* SudokuModel.swift */ = {isa = PBXFileReference; lastKnownFileType = sourcecode.swift; path = SudokuModel.swift; sourceTree = "<group>"; };
		8B9000BB298BE3B30067F5E8 /* SudokuGlobalVariables.swift */ = {isa = PBXFileReference; lastKnownFileType = sourcecode.swift; path = SudokuGlobalVariables.swift; sourceTree = "<group>"; };
		8B9000BD298BE41D0067F5E8 /* SudokuBoard.swift */ = {isa = PBXFileReference; lastKnownFileType = sourcecode.swift; path = SudokuBoard.swift; sourceTree = "<group>"; };
		8B9000BF298BE4500067F5E8 /* SudokuNumbers.swift */ = {isa = PBXFileReference; lastKnownFileType = sourcecode.swift; path = SudokuNumbers.swift; sourceTree = "<group>"; };
		8B9000C1298C16690067F5E8 /* CrosswordBoard.swift */ = {isa = PBXFileReference; lastKnownFileType = sourcecode.swift; path = CrosswordBoard.swift; sourceTree = "<group>"; };
/* End PBXFileReference section */

/* Begin PBXFrameworksBuildPhase section */
		8B67A2E829620DA200E8821E /* Frameworks */ = {
			isa = PBXFrameworksBuildPhase;
			buildActionMask = 2147483647;
			files = (
			);
			runOnlyForDeploymentPostprocessing = 0;
		};
		8B67A2F829620DA400E8821E /* Frameworks */ = {
			isa = PBXFrameworksBuildPhase;
			buildActionMask = 2147483647;
			files = (
			);
			runOnlyForDeploymentPostprocessing = 0;
		};
		8B67A30229620DA400E8821E /* Frameworks */ = {
			isa = PBXFrameworksBuildPhase;
			buildActionMask = 2147483647;
			files = (
			);
			runOnlyForDeploymentPostprocessing = 0;
		};
/* End PBXFrameworksBuildPhase section */

/* Begin PBXGroup section */
		8B67A2E229620DA200E8821E = {
			isa = PBXGroup;
			children = (
				8B67A2ED29620DA200E8821E /* Nervous System Exercise */,
				8B67A2FE29620DA400E8821E /* Nervous System ExerciseTests */,
				8B67A30829620DA400E8821E /* Nervous System ExerciseUITests */,
				8B67A2EC29620DA200E8821E /* Products */,
			);
			sourceTree = "<group>";
		};
		8B67A2EC29620DA200E8821E /* Products */ = {
			isa = PBXGroup;
			children = (
				8B67A2EB29620DA200E8821E /* Nervous System Exercise.app */,
				8B67A2FB29620DA400E8821E /* Nervous System ExerciseTests.xctest */,
				8B67A30529620DA400E8821E /* Nervous System ExerciseUITests.xctest */,
			);
			name = Products;
			sourceTree = "<group>";
		};
		8B67A2ED29620DA200E8821E /* Nervous System Exercise */ = {
			isa = PBXGroup;
			children = (
				8B67A2EE29620DA200E8821E /* Nervous_System_ExerciseApp.swift */,
				8B67A2F029620DA200E8821E /* ContentView.swift */,
				8B67A2F229620DA400E8821E /* Assets.xcassets */,
				8B67A2F429620DA400E8821E /* Preview Content */,
				8B693CFE2986C8B600AC56B9 /* SudokuModel.swift */,
				8B9000BB298BE3B30067F5E8 /* SudokuGlobalVariables.swift */,
				8B9000BD298BE41D0067F5E8 /* SudokuBoard.swift */,
				8B9000BF298BE4500067F5E8 /* SudokuNumbers.swift */,
				8B9000C1298C16690067F5E8 /* CrosswordBoard.swift */,
			);
			path = "Nervous System Exercise";
			sourceTree = "<group>";
		};
		8B67A2F429620DA400E8821E /* Preview Content */ = {
			isa = PBXGroup;
			children = (
				8B67A2F529620DA400E8821E /* Preview Assets.xcassets */,
			);
			path = "Preview Content";
			sourceTree = "<group>";
		};
		8B67A2FE29620DA400E8821E /* Nervous System ExerciseTests */ = {
			isa = PBXGroup;
			children = (
				8B67A2FF29620DA400E8821E /* Nervous_System_ExerciseTests.swift */,
			);
			path = "Nervous System ExerciseTests";
			sourceTree = "<group>";
		};
		8B67A30829620DA400E8821E /* Nervous System ExerciseUITests */ = {
			isa = PBXGroup;
			children = (
				8B67A30929620DA400E8821E /* Nervous_System_ExerciseUITests.swift */,
				8B67A30B29620DA400E8821E /* Nervous_System_ExerciseUITestsLaunchTests.swift */,
			);
			path = "Nervous System ExerciseUITests";
			sourceTree = "<group>";
		};
/* End PBXGroup section */

/* Begin PBXNativeTarget section */
		8B67A2EA29620DA200E8821E /* Nervous System Exercise */ = {
			isa = PBXNativeTarget;
			buildConfigurationList = 8B67A30F29620DA400E8821E /* Build configuration list for PBXNativeTarget "Nervous System Exercise" */;
			buildPhases = (
				8B67A2E729620DA200E8821E /* Sources */,
				8B67A2E829620DA200E8821E /* Frameworks */,
				8B67A2E929620DA200E8821E /* Resources */,
			);
			buildRules = (
			);
			dependencies = (
			);
			name = "Nervous System Exercise";
			productName = "Nervous System Exercise";
			productReference = 8B67A2EB29620DA200E8821E /* Nervous System Exercise.app */;
			productType = "com.apple.product-type.application";
		};
		8B67A2FA29620DA400E8821E /* Nervous System ExerciseTests */ = {
			isa = PBXNativeTarget;
			buildConfigurationList = 8B67A31229620DA400E8821E /* Build configuration list for PBXNativeTarget "Nervous System ExerciseTests" */;
			buildPhases = (
				8B67A2F729620DA400E8821E /* Sources */,
				8B67A2F829620DA400E8821E /* Frameworks */,
				8B67A2F929620DA400E8821E /* Resources */,
			);
			buildRules = (
			);
			dependencies = (
				8B67A2FD29620DA400E8821E /* PBXTargetDependency */,
			);
			name = "Nervous System ExerciseTests";
			productName = "Nervous System ExerciseTests";
			productReference = 8B67A2FB29620DA400E8821E /* Nervous System ExerciseTests.xctest */;
			productType = "com.apple.product-type.bundle.unit-test";
		};
		8B67A30429620DA400E8821E /* Nervous System ExerciseUITests */ = {
			isa = PBXNativeTarget;
			buildConfigurationList = 8B67A31529620DA400E8821E /* Build configuration list for PBXNativeTarget "Nervous System ExerciseUITests" */;
			buildPhases = (
				8B67A30129620DA400E8821E /* Sources */,
				8B67A30229620DA400E8821E /* Frameworks */,
				8B67A30329620DA400E8821E /* Resources */,
			);
			buildRules = (
			);
			dependencies = (
				8B67A30729620DA400E8821E /* PBXTargetDependency */,
			);
			name = "Nervous System ExerciseUITests";
			productName = "Nervous System ExerciseUITests";
			productReference = 8B67A30529620DA400E8821E /* Nervous System ExerciseUITests.xctest */;
			productType = "com.apple.product-type.bundle.ui-testing";
		};
/* End PBXNativeTarget section */

/* Begin PBXProject section */
		8B67A2E329620DA200E8821E /* Project object */ = {
			isa = PBXProject;
			attributes = {
				BuildIndependentTargetsInParallel = 1;
				LastSwiftUpdateCheck = 1420;
				LastUpgradeCheck = 1420;
				TargetAttributes = {
					8B67A2EA29620DA200E8821E = {
						CreatedOnToolsVersion = 14.2;
					};
					8B67A2FA29620DA400E8821E = {
						CreatedOnToolsVersion = 14.2;
						TestTargetID = 8B67A2EA29620DA200E8821E;
					};
					8B67A30429620DA400E8821E = {
						CreatedOnToolsVersion = 14.2;
						TestTargetID = 8B67A2EA29620DA200E8821E;
					};
				};
			};
			buildConfigurationList = 8B67A2E629620DA200E8821E /* Build configuration list for PBXProject "Nervous System Exercise" */;
			compatibilityVersion = "Xcode 14.0";
			developmentRegion = en;
			hasScannedForEncodings = 0;
			knownRegions = (
				en,
				Base,
			);
			mainGroup = 8B67A2E229620DA200E8821E;
			productRefGroup = 8B67A2EC29620DA200E8821E /* Products */;
			projectDirPath = "";
			projectRoot = "";
			targets = (
				8B67A2EA29620DA200E8821E /* Nervous System Exercise */,
				8B67A2FA29620DA400E8821E /* Nervous System ExerciseTests */,
				8B67A30429620DA400E8821E /* Nervous System ExerciseUITests */,
			);
		};
/* End PBXProject section */

/* Begin PBXResourcesBuildPhase section */
		8B67A2E929620DA200E8821E /* Resources */ = {
			isa = PBXResourcesBuildPhase;
			buildActionMask = 2147483647;
			files = (
				8B67A2F629620DA400E8821E /* Preview Assets.xcassets in Resources */,
				8B67A2F329620DA400E8821E /* Assets.xcassets in Resources */,
			);
			runOnlyForDeploymentPostprocessing = 0;
		};
		8B67A2F929620DA400E8821E /* Resources */ = {
			isa = PBXResourcesBuildPhase;
			buildActionMask = 2147483647;
			files = (
			);
			runOnlyForDeploymentPostprocessing = 0;
		};
		8B67A30329620DA400E8821E /* Resources */ = {
			isa = PBXResourcesBuildPhase;
			buildActionMask = 2147483647;
			files = (
			);
			runOnlyForDeploymentPostprocessing = 0;
		};
/* End PBXResourcesBuildPhase section */

/* Begin PBXSourcesBuildPhase section */
		8B67A2E729620DA200E8821E /* Sources */ = {
			isa = PBXSourcesBuildPhase;
			buildActionMask = 2147483647;
			files = (
				8B693CFF2986C8B600AC56B9 /* SudokuModel.swift in Sources */,
				8B9000C0298BE4500067F5E8 /* SudokuNumbers.swift in Sources */,
				8B9000BC298BE3B30067F5E8 /* SudokuGlobalVariables.swift in Sources */,
				8B67A2F129620DA200E8821E /* ContentView.swift in Sources */,
				8B9000BE298BE41D0067F5E8 /* SudokuBoard.swift in Sources */,
				8B67A2EF29620DA200E8821E /* Nervous_System_ExerciseApp.swift in Sources */,
				8B9000C2298C16690067F5E8 /* CrosswordBoard.swift in Sources */,
			);
			runOnlyForDeploymentPostprocessing = 0;
		};
		8B67A2F729620DA400E8821E /* Sources */ = {
			isa = PBXSourcesBuildPhase;
			buildActionMask = 2147483647;
			files = (
				8B67A30029620DA400E8821E /* Nervous_System_ExerciseTests.swift in Sources */,
			);
			runOnlyForDeploymentPostprocessing = 0;
		};
		8B67A30129620DA400E8821E /* Sources */ = {
			isa = PBXSourcesBuildPhase;
			buildActionMask = 2147483647;
			files = (
				8B67A30C29620DA400E8821E /* Nervous_System_ExerciseUITestsLaunchTests.swift in Sources */,
				8B67A30A29620DA400E8821E /* Nervous_System_ExerciseUITests.swift in Sources */,
			);
			runOnlyForDeploymentPostprocessing = 0;
		};
/* End PBXSourcesBuildPhase section */

/* Begin PBXTargetDependency section */
		8B67A2FD29620DA400E8821E /* PBXTargetDependency */ = {
			isa = PBXTargetDependency;
			target = 8B67A2EA29620DA200E8821E /* Nervous System Exercise */;
			targetProxy = 8B67A2FC29620DA400E8821E /* PBXContainerItemProxy */;
		};
		8B67A30729620DA400E8821E /* PBXTargetDependency */ = {
			isa = PBXTargetDependency;
			target = 8B67A2EA29620DA200E8821E /* Nervous System Exercise */;
			targetProxy = 8B67A30629620DA400E8821E /* PBXContainerItemProxy */;
		};
/* End PBXTargetDependency section */

/* Begin XCBuildConfiguration section */
		8B67A30D29620DA400E8821E /* Debug */ = {
			isa = XCBuildConfiguration;
			buildSettings = {
				ALWAYS_SEARCH_USER_PATHS = NO;
				CLANG_ANALYZER_NONNULL = YES;
				CLANG_ANALYZER_NUMBER_OBJECT_CONVERSION = YES_AGGRESSIVE;
				CLANG_CXX_LANGUAGE_STANDARD = "gnu++20";
				CLANG_ENABLE_MODULES = YES;
				CLANG_ENABLE_OBJC_ARC = YES;
				CLANG_ENABLE_OBJC_WEAK = YES;
				CLANG_WARN_BLOCK_CAPTURE_AUTORELEASING = YES;
				CLANG_WARN_BOOL_CONVERSION = YES;
				CLANG_WARN_COMMA = YES;
				CLANG_WARN_CONSTANT_CONVERSION = YES;
				CLANG_WARN_DEPRECATED_OBJC_IMPLEMENTATIONS = YES;
				CLANG_WARN_DIRECT_OBJC_ISA_USAGE = YES_ERROR;
				CLANG_WARN_DOCUMENTATION_COMMENTS = YES;
				CLANG_WARN_EMPTY_BODY = YES;
				CLANG_WARN_ENUM_CONVERSION = YES;
				CLANG_WARN_INFINITE_RECURSION = YES;
				CLANG_WARN_INT_CONVERSION = YES;
				CLANG_WARN_NON_LITERAL_NULL_CONVERSION = YES;
				CLANG_WARN_OBJC_IMPLICIT_RETAIN_SELF = YES;
				CLANG_WARN_OBJC_LITERAL_CONVERSION = YES;
				CLANG_WARN_OBJC_ROOT_CLASS = YES_ERROR;
				CLANG_WARN_QUOTED_INCLUDE_IN_FRAMEWORK_HEADER = YES;
				CLANG_WARN_RANGE_LOOP_ANALYSIS = YES;
				CLANG_WARN_STRICT_PROTOTYPES = YES;
				CLANG_WARN_SUSPICIOUS_MOVE = YES;
				CLANG_WARN_UNGUARDED_AVAILABILITY = YES_AGGRESSIVE;
				CLANG_WARN_UNREACHABLE_CODE = YES;
				CLANG_WARN__DUPLICATE_METHOD_MATCH = YES;
				COPY_PHASE_STRIP = NO;
				DEBUG_INFORMATION_FORMAT = dwarf;
				ENABLE_STRICT_OBJC_MSGSEND = YES;
				ENABLE_TESTABILITY = YES;
				GCC_C_LANGUAGE_STANDARD = gnu11;
				GCC_DYNAMIC_NO_PIC = NO;
				GCC_NO_COMMON_BLOCKS = YES;
				GCC_OPTIMIZATION_LEVEL = 0;
				GCC_PREPROCESSOR_DEFINITIONS = (
					"DEBUG=1",
					"$(inherited)",
				);
				GCC_WARN_64_TO_32_BIT_CONVERSION = YES;
				GCC_WARN_ABOUT_RETURN_TYPE = YES_ERROR;
				GCC_WARN_UNDECLARED_SELECTOR = YES;
				GCC_WARN_UNINITIALIZED_AUTOS = YES_AGGRESSIVE;
				GCC_WARN_UNUSED_FUNCTION = YES;
				GCC_WARN_UNUSED_VARIABLE = YES;
				IPHONEOS_DEPLOYMENT_TARGET = 16.2;
				MTL_ENABLE_DEBUG_INFO = INCLUDE_SOURCE;
				MTL_FAST_MATH = YES;
				ONLY_ACTIVE_ARCH = YES;
				SDKROOT = iphoneos;
				SWIFT_ACTIVE_COMPILATION_CONDITIONS = DEBUG;
				SWIFT_OPTIMIZATION_LEVEL = "-Onone";
			};
			name = Debug;
		};
		8B67A30E29620DA400E8821E /* Release */ = {
			isa = XCBuildConfiguration;
			buildSettings = {
				ALWAYS_SEARCH_USER_PATHS = NO;
				CLANG_ANALYZER_NONNULL = YES;
				CLANG_ANALYZER_NUMBER_OBJECT_CONVERSION = YES_AGGRESSIVE;
				CLANG_CXX_LANGUAGE_STANDARD = "gnu++20";
				CLANG_ENABLE_MODULES = YES;
				CLANG_ENABLE_OBJC_ARC = YES;
				CLANG_ENABLE_OBJC_WEAK = YES;
				CLANG_WARN_BLOCK_CAPTURE_AUTORELEASING = YES;
				CLANG_WARN_BOOL_CONVERSION = YES;
				CLANG_WARN_COMMA = YES;
				CLANG_WARN_CONSTANT_CONVERSION = YES;
				CLANG_WARN_DEPRECATED_OBJC_IMPLEMENTATIONS = YES;
				CLANG_WARN_DIRECT_OBJC_ISA_USAGE = YES_ERROR;
				CLANG_WARN_DOCUMENTATION_COMMENTS = YES;
				CLANG_WARN_EMPTY_BODY = YES;
				CLANG_WARN_ENUM_CONVERSION = YES;
				CLANG_WARN_INFINITE_RECURSION = YES;
				CLANG_WARN_INT_CONVERSION = YES;
				CLANG_WARN_NON_LITERAL_NULL_CONVERSION = YES;
				CLANG_WARN_OBJC_IMPLICIT_RETAIN_SELF = YES;
				CLANG_WARN_OBJC_LITERAL_CONVERSION = YES;
				CLANG_WARN_OBJC_ROOT_CLASS = YES_ERROR;
				CLANG_WARN_QUOTED_INCLUDE_IN_FRAMEWORK_HEADER = YES;
				CLANG_WARN_RANGE_LOOP_ANALYSIS = YES;
				CLANG_WARN_STRICT_PROTOTYPES = YES;
				CLANG_WARN_SUSPICIOUS_MOVE = YES;
				CLANG_WARN_UNGUARDED_AVAILABILITY = YES_AGGRESSIVE;
				CLANG_WARN_UNREACHABLE_CODE = YES;
				CLANG_WARN__DUPLICATE_METHOD_MATCH = YES;
				COPY_PHASE_STRIP = NO;
				DEBUG_INFORMATION_FORMAT = "dwarf-with-dsym";
				ENABLE_NS_ASSERTIONS = NO;
				ENABLE_STRICT_OBJC_MSGSEND = YES;
				GCC_C_LANGUAGE_STANDARD = gnu11;
				GCC_NO_COMMON_BLOCKS = YES;
				GCC_WARN_64_TO_32_BIT_CONVERSION = YES;
				GCC_WARN_ABOUT_RETURN_TYPE = YES_ERROR;
				GCC_WARN_UNDECLARED_SELECTOR = YES;
				GCC_WARN_UNINITIALIZED_AUTOS = YES_AGGRESSIVE;
				GCC_WARN_UNUSED_FUNCTION = YES;
				GCC_WARN_UNUSED_VARIABLE = YES;
				IPHONEOS_DEPLOYMENT_TARGET = 16.2;
				MTL_ENABLE_DEBUG_INFO = NO;
				MTL_FAST_MATH = YES;
				SDKROOT = iphoneos;
				SWIFT_COMPILATION_MODE = wholemodule;
				SWIFT_OPTIMIZATION_LEVEL = "-O";
				VALIDATE_PRODUCT = YES;
			};
			name = Release;
		};
		8B67A31029620DA400E8821E /* Debug */ = {
			isa = XCBuildConfiguration;
			buildSettings = {
				ASSETCATALOG_COMPILER_APPICON_NAME = AppIcon;
				ASSETCATALOG_COMPILER_GLOBAL_ACCENT_COLOR_NAME = AccentColor;
				CODE_SIGN_STYLE = Automatic;
				CURRENT_PROJECT_VERSION = 1;
				DEVELOPMENT_ASSET_PATHS = "\"Nervous System Exercise/Preview Content\"";
				DEVELOPMENT_TEAM = 467A73PW7D;
				ENABLE_PREVIEWS = YES;
				GENERATE_INFOPLIST_FILE = YES;
				INFOPLIST_KEY_UIApplicationSceneManifest_Generation = YES;
				INFOPLIST_KEY_UIApplicationSupportsIndirectInputEvents = YES;
				INFOPLIST_KEY_UILaunchScreen_Generation = YES;
				INFOPLIST_KEY_UISupportedInterfaceOrientations_iPad = "UIInterfaceOrientationPortrait UIInterfaceOrientationPortraitUpsideDown UIInterfaceOrientationLandscapeLeft UIInterfaceOrientationLandscapeRight";
				INFOPLIST_KEY_UISupportedInterfaceOrientations_iPhone = "UIInterfaceOrientationPortrait UIInterfaceOrientationLandscapeLeft UIInterfaceOrientationLandscapeRight";
				LD_RUNPATH_SEARCH_PATHS = (
					"$(inherited)",
					"@executable_path/Frameworks",
				);
				MARKETING_VERSION = 1.0;
				PRODUCT_BUNDLE_IDENTIFIER = "klepkagnieszka.Nervous-System-Exercise";
				PRODUCT_NAME = "$(TARGET_NAME)";
				SWIFT_EMIT_LOC_STRINGS = YES;
				SWIFT_VERSION = 5.0;
				TARGETED_DEVICE_FAMILY = "1,2";
			};
			name = Debug;
		};
		8B67A31129620DA400E8821E /* Release */ = {
			isa = XCBuildConfiguration;
			buildSettings = {
				ASSETCATALOG_COMPILER_APPICON_NAME = AppIcon;
				ASSETCATALOG_COMPILER_GLOBAL_ACCENT_COLOR_NAME = AccentColor;
				CODE_SIGN_STYLE = Automatic;
				CURRENT_PROJECT_VERSION = 1;
				DEVELOPMENT_ASSET_PATHS = "\"Nervous System Exercise/Preview Content\"";
				DEVELOPMENT_TEAM = 467A73PW7D;
				ENABLE_PREVIEWS = YES;
				GENERATE_INFOPLIST_FILE = YES;
				INFOPLIST_KEY_UIApplicationSceneManifest_Generation = YES;
				INFOPLIST_KEY_UIApplicationSupportsIndirectInputEvents = YES;
				INFOPLIST_KEY_UILaunchScreen_Generation = YES;
				INFOPLIST_KEY_UISupportedInterfaceOrientations_iPad = "UIInterfaceOrientationPortrait UIInterfaceOrientationPortraitUpsideDown UIInterfaceOrientationLandscapeLeft UIInterfaceOrientationLandscapeRight";
				INFOPLIST_KEY_UISupportedInterfaceOrientations_iPhone = "UIInterfaceOrientationPortrait UIInterfaceOrientationLandscapeLeft UIInterfaceOrientationLandscapeRight";
				LD_RUNPATH_SEARCH_PATHS = (
					"$(inherited)",
					"@executable_path/Frameworks",
				);
				MARKETING_VERSION = 1.0;
				PRODUCT_BUNDLE_IDENTIFIER = "klepkagnieszka.Nervous-System-Exercise";
				PRODUCT_NAME = "$(TARGET_NAME)";
				SWIFT_EMIT_LOC_STRINGS = YES;
				SWIFT_VERSION = 5.0;
				TARGETED_DEVICE_FAMILY = "1,2";
			};
			name = Release;
		};
		8B67A31329620DA400E8821E /* Debug */ = {
			isa = XCBuildConfiguration;
			buildSettings = {
				ALWAYS_EMBED_SWIFT_STANDARD_LIBRARIES = YES;
				BUNDLE_LOADER = "$(TEST_HOST)";
				CODE_SIGN_STYLE = Automatic;
				CURRENT_PROJECT_VERSION = 1;
				DEVELOPMENT_TEAM = 467A73PW7D;
				GENERATE_INFOPLIST_FILE = YES;
				IPHONEOS_DEPLOYMENT_TARGET = 16.2;
				MARKETING_VERSION = 1.0;
				PRODUCT_BUNDLE_IDENTIFIER = "klepkagnieszka.Nervous-System-ExerciseTests";
				PRODUCT_NAME = "$(TARGET_NAME)";
				SWIFT_EMIT_LOC_STRINGS = NO;
				SWIFT_VERSION = 5.0;
				TARGETED_DEVICE_FAMILY = "1,2";
				TEST_HOST = "$(BUILT_PRODUCTS_DIR)/Nervous System Exercise.app/$(BUNDLE_EXECUTABLE_FOLDER_PATH)/Nervous System Exercise";
			};
			name = Debug;
		};
		8B67A31429620DA400E8821E /* Release */ = {
			isa = XCBuildConfiguration;
			buildSettings = {
				ALWAYS_EMBED_SWIFT_STANDARD_LIBRARIES = YES;
				BUNDLE_LOADER = "$(TEST_HOST)";
				CODE_SIGN_STYLE = Automatic;
				CURRENT_PROJECT_VERSION = 1;
				DEVELOPMENT_TEAM = 467A73PW7D;
				GENERATE_INFOPLIST_FILE = YES;
				IPHONEOS_DEPLOYMENT_TARGET = 16.2;
				MARKETING_VERSION = 1.0;
				PRODUCT_BUNDLE_IDENTIFIER = "klepkagnieszka.Nervous-System-ExerciseTests";
				PRODUCT_NAME = "$(TARGET_NAME)";
				SWIFT_EMIT_LOC_STRINGS = NO;
				SWIFT_VERSION = 5.0;
				TARGETED_DEVICE_FAMILY = "1,2";
				TEST_HOST = "$(BUILT_PRODUCTS_DIR)/Nervous System Exercise.app/$(BUNDLE_EXECUTABLE_FOLDER_PATH)/Nervous System Exercise";
			};
			name = Release;
		};
		8B67A31629620DA400E8821E /* Debug */ = {
			isa = XCBuildConfiguration;
			buildSettings = {
				ALWAYS_EMBED_SWIFT_STANDARD_LIBRARIES = YES;
				CODE_SIGN_STYLE = Automatic;
				CURRENT_PROJECT_VERSION = 1;
				DEVELOPMENT_TEAM = 467A73PW7D;
				GENERATE_INFOPLIST_FILE = YES;
				MARKETING_VERSION = 1.0;
				PRODUCT_BUNDLE_IDENTIFIER = "klepkagnieszka.Nervous-System-ExerciseUITests";
				PRODUCT_NAME = "$(TARGET_NAME)";
				SWIFT_EMIT_LOC_STRINGS = NO;
				SWIFT_VERSION = 5.0;
				TARGETED_DEVICE_FAMILY = "1,2";
				TEST_TARGET_NAME = "Nervous System Exercise";
			};
			name = Debug;
		};
		8B67A31729620DA400E8821E /* Release */ = {
			isa = XCBuildConfiguration;
			buildSettings = {
				ALWAYS_EMBED_SWIFT_STANDARD_LIBRARIES = YES;
				CODE_SIGN_STYLE = Automatic;
				CURRENT_PROJECT_VERSION = 1;
				DEVELOPMENT_TEAM = 467A73PW7D;
				GENERATE_INFOPLIST_FILE = YES;
				MARKETING_VERSION = 1.0;
				PRODUCT_BUNDLE_IDENTIFIER = "klepkagnieszka.Nervous-System-ExerciseUITests";
				PRODUCT_NAME = "$(TARGET_NAME)";
				SWIFT_EMIT_LOC_STRINGS = NO;
				SWIFT_VERSION = 5.0;
				TARGETED_DEVICE_FAMILY = "1,2";
				TEST_TARGET_NAME = "Nervous System Exercise";
			};
			name = Release;
		};
/* End XCBuildConfiguration section */

/* Begin XCConfigurationList section */
		8B67A2E629620DA200E8821E /* Build configuration list for PBXProject "Nervous System Exercise" */ = {
			isa = XCConfigurationList;
			buildConfigurations = (
				8B67A30D29620DA400E8821E /* Debug */,
				8B67A30E29620DA400E8821E /* Release */,
			);
			defaultConfigurationIsVisible = 0;
			defaultConfigurationName = Release;
		};
		8B67A30F29620DA400E8821E /* Build configuration list for PBXNativeTarget "Nervous System Exercise" */ = {
			isa = XCConfigurationList;
			buildConfigurations = (
				8B67A31029620DA400E8821E /* Debug */,
				8B67A31129620DA400E8821E /* Release */,
			);
			defaultConfigurationIsVisible = 0;
			defaultConfigurationName = Release;
		};
		8B67A31229620DA400E8821E /* Build configuration list for PBXNativeTarget "Nervous System ExerciseTests" */ = {
			isa = XCConfigurationList;
			buildConfigurations = (
				8B67A31329620DA400E8821E /* Debug */,
				8B67A31429620DA400E8821E /* Release */,
			);
			defaultConfigurationIsVisible = 0;
			defaultConfigurationName = Release;
		};
		8B67A31529620DA400E8821E /* Build configuration list for PBXNativeTarget "Nervous System ExerciseUITests" */ = {
			isa = XCConfigurationList;
			buildConfigurations = (
				8B67A31629620DA400E8821E /* Debug */,
				8B67A31729620DA400E8821E /* Release */,
			);
			defaultConfigurationIsVisible = 0;
			defaultConfigurationName = Release;
		};
/* End XCConfigurationList section */
	};
	rootObject = 8B67A2E329620DA200E8821E /* Project object */;
}
